{
  "object": {
    "pins": [
      {
        "package": "CodableHelpers",
        "repositoryURL": "https://github.com/TheAngryDarling/SwiftCodableHelpers.git",
        "state": {
          "branch": null,
          "revision": "77188fc88d6fb4c77aa661d1644d5eff342acb09",
          "version": "1.0.10"
        }
      },
      {
        "package": "CodeTimer",
        "repositoryURL": "https://github.com/TheAngryDarling/SwiftCodeTimer.git",
        "state": {
          "branch": null,
          "revision": "1f7a3c18d2e772618cbddeeca0ea51dedcfb4442",
          "version": "1.0.1"
        }
      },
      {
        "package": "Nillable",
        "repositoryURL": "https://github.com/TheAngryDarling/SwiftNillable.git",
        "state": {
          "branch": null,
          "revision": "6635e0916105a1c5e74cad8e7865be1f9ae6fa66",
          "version": "1.0.4"
        }
      },
      {
        "package": "RawRepresentableHelpers",
        "repositoryURL": "https://github.com/TheAngryDarling/SwiftRawRepresentableHelpers.git",
        "state": {
          "branch": null,
          "revision": "b15fcb334c055d5ea0421db5de11053aefc884d3",
          "version": "1.0.0"
        }
      },
      {
        "package": "StringIANACharacterSetEncoding",
        "repositoryURL": "https://github.com/TheAngryDarling/SwiftStringIANACharacterSetEncoding.git",
        "state": {
          "branch": null,
          "revision": "330c2d65e8b1bafaae580d9781ee601707bb63a9",
          "version": "2.0.4"
        }
      },
      {
        "package": "SwiftClassCollections",
        "repositoryURL": "https://github.com/TheAngryDarling/SwiftClassCollections.git",
        "state": {
          "branch": null,
          "revision": "16ffbd5f98c6be5f82fdb9ce8382e1eea713d11d",
          "version": "1.0.3"
        }
      },
      {
        "package": "SwiftPatches",
        "repositoryURL": "https://github.com/TheAngryDarling/SwiftPatches.git",
        "state": {
          "branch": null,
          "revision": "e41e70e3a5a5d9080d3210acd3faa30ac646ff4f",
          "version": "1.0.0"
        }
      },
      {
        "package": "VersionKit",
        "repositoryURL": "https://github.com/TheAngryDarling/SwiftVersionKit.git",
        "state": {
          "branch": null,
          "revision": "b42454d9671c75a26a4ee138ea12618381a524b3",
          "version": "1.0.6"
        }
      },
      {
        "package": "XcodeProj",
        "repositoryURL": "https://github.com/TheAngryDarling/SwiftXcodeProj.git",
        "state": {
          "branch": null,
          "revision": "8191241f40bfaf909b429b13aee9be32598e94b3",
          "version": "1.0.0"
        }
      }
    ]
  },
  "version": 1
}
